
Microsoft Visual Studio Solution File, Format Version 12.00
# Visual Studio Version 17
VisualStudioVersion = 17.4.33213.308
MinimumVisualStudioVersion = 10.0.40219.1
Project("{FAE04EC0-301F-11D3-BF4B-00C04F79EFBC}") = "FavoriteColorAndNumber", "FavoriteColorAndNumber.csproj", "{81AF75F8-332E-405A-94F4-AFD7DB727248}"
EndProject
Global
	GlobalSection(SolutionConfigurationPlatforms) = preSolution
		Debug|Any CPU = Debug|Any CPU
		Release|Any CPU = Release|Any CPU
	EndGlobalSection
	GlobalSection(ProjectConfigurationPlatforms) = postSolution
		{81AF75F8-332E-405A-94F4-AFD7DB727248}.Debug|Any CPU.ActiveCfg = Debug|Any CPU
		{81AF75F8-332E-405A-94F4-AFD7DB727248}.Debug|Any CPU.Build.0 = Debug|Any CPU
		{81AF75F8-332E-405A-94F4-AFD7DB727248}.Release|Any CPU.ActiveCfg = Release|Any CPU
		{81AF75F8-332E-405A-94F4-AFD7DB727248}.Release|Any CPU.Build.0 = Release|Any CPU
	EndGlobalSection
	GlobalSection(SolutionProperties) = preSolution
		HideSolutionNode = FALSE
	EndGlobalSection
	GlobalSection(ExtensibilityGlobals) = postSolution
		SolutionGuid = {045D2BD0-38C3-46E4-A064-44599281D5D5}
	EndGlobalSection
EndGlobal
