
Microsoft Visual Studio Solution File, Format Version 12.00
# Visual Studio Version 17
VisualStudioVersion = 17.5.33424.131
MinimumVisualStudioVersion = 10.0.40219.1
Project("{FAE04EC0-301F-11D3-BF4B-00C04F79EFBC}") = "UnitTest2-q7", "UnitTest2-q7.csproj", "{20A854D8-66D3-48F5-9332-9F862981897E}"
EndProject
Global
	GlobalSection(SolutionConfigurationPlatforms) = preSolution
		Debug|Any CPU = Debug|Any CPU
		Release|Any CPU = Release|Any CPU
	EndGlobalSection
	GlobalSection(ProjectConfigurationPlatforms) = postSolution
		{20A854D8-66D3-48F5-9332-9F862981897E}.Debug|Any CPU.ActiveCfg = Debug|Any CPU
		{20A854D8-66D3-48F5-9332-9F862981897E}.Debug|Any CPU.Build.0 = Debug|Any CPU
		{20A854D8-66D3-48F5-9332-9F862981897E}.Release|Any CPU.ActiveCfg = Release|Any CPU
		{20A854D8-66D3-48F5-9332-9F862981897E}.Release|Any CPU.Build.0 = Release|Any CPU
	EndGlobalSection
	GlobalSection(SolutionProperties) = preSolution
		HideSolutionNode = FALSE
	EndGlobalSection
	GlobalSection(ExtensibilityGlobals) = postSolution
		SolutionGuid = {628749BB-8B1C-4112-A196-DD1F562DBCB9}
	EndGlobalSection
EndGlobal
