
Microsoft Visual Studio Solution File, Format Version 12.00
# Visual Studio Version 17
VisualStudioVersion = 17.4.33213.308
MinimumVisualStudioVersion = 10.0.40219.1
Project("{FAE04EC0-301F-11D3-BF4B-00C04F79EFBC}") = "PE08-q7", "PE08-q7.csproj", "{6304FB4E-AFB4-4BEE-9582-84FA4ADD2BF0}"
EndProject
Global
	GlobalSection(SolutionConfigurationPlatforms) = preSolution
		Debug|Any CPU = Debug|Any CPU
		Release|Any CPU = Release|Any CPU
	EndGlobalSection
	GlobalSection(ProjectConfigurationPlatforms) = postSolution
		{6304FB4E-AFB4-4BEE-9582-84FA4ADD2BF0}.Debug|Any CPU.ActiveCfg = Debug|Any CPU
		{6304FB4E-AFB4-4BEE-9582-84FA4ADD2BF0}.Debug|Any CPU.Build.0 = Debug|Any CPU
		{6304FB4E-AFB4-4BEE-9582-84FA4ADD2BF0}.Release|Any CPU.ActiveCfg = Release|Any CPU
		{6304FB4E-AFB4-4BEE-9582-84FA4ADD2BF0}.Release|Any CPU.Build.0 = Release|Any CPU
	EndGlobalSection
	GlobalSection(SolutionProperties) = preSolution
		HideSolutionNode = FALSE
	EndGlobalSection
	GlobalSection(ExtensibilityGlobals) = postSolution
		SolutionGuid = {729713A4-1A9F-48F6-BDB9-F3EFCCC83869}
	EndGlobalSection
EndGlobal
