
Microsoft Visual Studio Solution File, Format Version 12.00
# Visual Studio Version 17
VisualStudioVersion = 17.4.33213.308
MinimumVisualStudioVersion = 10.0.40219.1
Project("{FAE04EC0-301F-11D3-BF4B-00C04F79EFBC}") = "PE9-q2", "PE9-q2.csproj", "{CB3626C9-8B88-4D5E-81AD-F4F53ABC210B}"
EndProject
Global
	GlobalSection(SolutionConfigurationPlatforms) = preSolution
		Debug|Any CPU = Debug|Any CPU
		Release|Any CPU = Release|Any CPU
	EndGlobalSection
	GlobalSection(ProjectConfigurationPlatforms) = postSolution
		{CB3626C9-8B88-4D5E-81AD-F4F53ABC210B}.Debug|Any CPU.ActiveCfg = Debug|Any CPU
		{CB3626C9-8B88-4D5E-81AD-F4F53ABC210B}.Debug|Any CPU.Build.0 = Debug|Any CPU
		{CB3626C9-8B88-4D5E-81AD-F4F53ABC210B}.Release|Any CPU.ActiveCfg = Release|Any CPU
		{CB3626C9-8B88-4D5E-81AD-F4F53ABC210B}.Release|Any CPU.Build.0 = Release|Any CPU
	EndGlobalSection
	GlobalSection(SolutionProperties) = preSolution
		HideSolutionNode = FALSE
	EndGlobalSection
	GlobalSection(ExtensibilityGlobals) = postSolution
		SolutionGuid = {35F5C477-1D5A-4809-9654-E13158480697}
	EndGlobalSection
EndGlobal
