
Microsoft Visual Studio Solution File, Format Version 12.00
# Visual Studio Version 17
VisualStudioVersion = 17.4.33213.308
MinimumVisualStudioVersion = 10.0.40219.1
Project("{FAE04EC0-301F-11D3-BF4B-00C04F79EFBC}") = "SquashTheBugs", "SquashTheBugs.csproj", "{29FA2710-3109-4189-A5C1-89CA578F2095}"
EndProject
Global
	GlobalSection(SolutionConfigurationPlatforms) = preSolution
		Debug|Any CPU = Debug|Any CPU
		Release|Any CPU = Release|Any CPU
	EndGlobalSection
	GlobalSection(ProjectConfigurationPlatforms) = postSolution
		{29FA2710-3109-4189-A5C1-89CA578F2095}.Debug|Any CPU.ActiveCfg = Debug|Any CPU
		{29FA2710-3109-4189-A5C1-89CA578F2095}.Debug|Any CPU.Build.0 = Debug|Any CPU
		{29FA2710-3109-4189-A5C1-89CA578F2095}.Release|Any CPU.ActiveCfg = Release|Any CPU
		{29FA2710-3109-4189-A5C1-89CA578F2095}.Release|Any CPU.Build.0 = Release|Any CPU
	EndGlobalSection
	GlobalSection(SolutionProperties) = preSolution
		HideSolutionNode = FALSE
	EndGlobalSection
	GlobalSection(ExtensibilityGlobals) = postSolution
		SolutionGuid = {54070997-CD61-4881-811C-76BD9DE23A53}
	EndGlobalSection
EndGlobal
