
Microsoft Visual Studio Solution File, Format Version 12.00
# Visual Studio Version 17
VisualStudioVersion = 17.5.33424.131
MinimumVisualStudioVersion = 10.0.40219.1
Project("{FAE04EC0-301F-11D3-BF4B-00C04F79EFBC}") = "Q10", "Q10.csproj", "{FD4E2D4E-0501-4D16-8C6E-A4C9E710D028}"
EndProject
Global
	GlobalSection(SolutionConfigurationPlatforms) = preSolution
		Debug|Any CPU = Debug|Any CPU
		Release|Any CPU = Release|Any CPU
	EndGlobalSection
	GlobalSection(ProjectConfigurationPlatforms) = postSolution
		{FD4E2D4E-0501-4D16-8C6E-A4C9E710D028}.Debug|Any CPU.ActiveCfg = Debug|Any CPU
		{FD4E2D4E-0501-4D16-8C6E-A4C9E710D028}.Debug|Any CPU.Build.0 = Debug|Any CPU
		{FD4E2D4E-0501-4D16-8C6E-A4C9E710D028}.Release|Any CPU.ActiveCfg = Release|Any CPU
		{FD4E2D4E-0501-4D16-8C6E-A4C9E710D028}.Release|Any CPU.Build.0 = Release|Any CPU
	EndGlobalSection
	GlobalSection(SolutionProperties) = preSolution
		HideSolutionNode = FALSE
	EndGlobalSection
	GlobalSection(ExtensibilityGlobals) = postSolution
		SolutionGuid = {9233CB01-5747-48D3-8B8A-C4317FB14F75}
	EndGlobalSection
EndGlobal
