
Microsoft Visual Studio Solution File, Format Version 12.00
# Visual Studio Version 17
VisualStudioVersion = 17.4.33213.308
MinimumVisualStudioVersion = 10.0.40219.1
Project("{FAE04EC0-301F-11D3-BF4B-00C04F79EFBC}") = "UnitTest-q12", "UnitTest-q12.csproj", "{ADB1E74A-BBDD-450F-B8AD-B7338AC77DEB}"
EndProject
Global
	GlobalSection(SolutionConfigurationPlatforms) = preSolution
		Debug|Any CPU = Debug|Any CPU
		Release|Any CPU = Release|Any CPU
	EndGlobalSection
	GlobalSection(ProjectConfigurationPlatforms) = postSolution
		{ADB1E74A-BBDD-450F-B8AD-B7338AC77DEB}.Debug|Any CPU.ActiveCfg = Debug|Any CPU
		{ADB1E74A-BBDD-450F-B8AD-B7338AC77DEB}.Debug|Any CPU.Build.0 = Debug|Any CPU
		{ADB1E74A-BBDD-450F-B8AD-B7338AC77DEB}.Release|Any CPU.ActiveCfg = Release|Any CPU
		{ADB1E74A-BBDD-450F-B8AD-B7338AC77DEB}.Release|Any CPU.Build.0 = Release|Any CPU
	EndGlobalSection
	GlobalSection(SolutionProperties) = preSolution
		HideSolutionNode = FALSE
	EndGlobalSection
	GlobalSection(ExtensibilityGlobals) = postSolution
		SolutionGuid = {DEC1A950-B294-4D48-9648-595F77DD03F7}
	EndGlobalSection
EndGlobal
