
Microsoft Visual Studio Solution File, Format Version 12.00
# Visual Studio Version 17
VisualStudioVersion = 17.4.33213.308
MinimumVisualStudioVersion = 10.0.40219.1
Project("{FAE04EC0-301F-11D3-BF4B-00C04F79EFBC}") = "PE04", "PE04.csproj", "{C8AC852F-CD0D-4740-B05B-C3678FC07DED}"
EndProject
Global
	GlobalSection(SolutionConfigurationPlatforms) = preSolution
		Debug|Any CPU = Debug|Any CPU
		Release|Any CPU = Release|Any CPU
	EndGlobalSection
	GlobalSection(ProjectConfigurationPlatforms) = postSolution
		{C8AC852F-CD0D-4740-B05B-C3678FC07DED}.Debug|Any CPU.ActiveCfg = Debug|Any CPU
		{C8AC852F-CD0D-4740-B05B-C3678FC07DED}.Debug|Any CPU.Build.0 = Debug|Any CPU
		{C8AC852F-CD0D-4740-B05B-C3678FC07DED}.Release|Any CPU.ActiveCfg = Release|Any CPU
		{C8AC852F-CD0D-4740-B05B-C3678FC07DED}.Release|Any CPU.Build.0 = Release|Any CPU
	EndGlobalSection
	GlobalSection(SolutionProperties) = preSolution
		HideSolutionNode = FALSE
	EndGlobalSection
	GlobalSection(ExtensibilityGlobals) = postSolution
		SolutionGuid = {B70858A3-3C41-46F7-A417-C605CD9D052E}
	EndGlobalSection
EndGlobal
