
Microsoft Visual Studio Solution File, Format Version 12.00
# Visual Studio Version 17
VisualStudioVersion = 17.4.33213.308
MinimumVisualStudioVersion = 10.0.40219.1
Project("{FAE04EC0-301F-11D3-BF4B-00C04F79EFBC}") = "PE11-q5", "PE11-q5.csproj", "{C109473E-D02D-4425-8E3E-6C3217CF8AA6}"
EndProject
Global
	GlobalSection(SolutionConfigurationPlatforms) = preSolution
		Debug|Any CPU = Debug|Any CPU
		Release|Any CPU = Release|Any CPU
	EndGlobalSection
	GlobalSection(ProjectConfigurationPlatforms) = postSolution
		{C109473E-D02D-4425-8E3E-6C3217CF8AA6}.Debug|Any CPU.ActiveCfg = Debug|Any CPU
		{C109473E-D02D-4425-8E3E-6C3217CF8AA6}.Debug|Any CPU.Build.0 = Debug|Any CPU
		{C109473E-D02D-4425-8E3E-6C3217CF8AA6}.Release|Any CPU.ActiveCfg = Release|Any CPU
		{C109473E-D02D-4425-8E3E-6C3217CF8AA6}.Release|Any CPU.Build.0 = Release|Any CPU
	EndGlobalSection
	GlobalSection(SolutionProperties) = preSolution
		HideSolutionNode = FALSE
	EndGlobalSection
	GlobalSection(ExtensibilityGlobals) = postSolution
		SolutionGuid = {2CB440F1-8544-4526-8EAE-206A01EB2053}
	EndGlobalSection
EndGlobal
